{
  "name": "requestion",
  "version": "0.9.0",
  "lockfileVersion": 2,
  "requires": true,
  "packages": {
    "": {
      "name": "requestion",
      "version": "0.9.0",
      "license": "ISC",
      "dependencies": {
        "compromise": "14.0.0",
        "compromise-sentences": "0.3.0",
        "en-inflectors": "1.0.12",
        "en-norm": "0.0.3",
        "en-stemmer": "1.0.3",
        "fin-emphasis": "1.0.6",
        "fin-negation": "1.0.8",
        "fin-sentence-type": "1.0.3",
        "fin-sentiment": "1.0.6",
        "fin-tense": "1.0.2",
        "fin-ukus": "1.0.1",
        "finnlp": "1.1.1",
        "gender-detection-from-name": "1.7.3",
        "humannames": "1.0.5"
      }
    },
    "node_modules/cities-list": {
      "version": "1.0.3",
      "resolved": "https://registry.npmjs.org/cities-list/-/cities-list-1.0.3.tgz",
      "integrity": "sha512-UadgzcZiV38TvJXlGymITRvvxaR5PtlrS2M+RJICyvRNp3TnOCPA/5ZZuRn8yG6SexKy1x9I+IwFctZ39XbI/Q=="
    },
    "node_modules/compromise": {
      "version": "14.0.0",
      "resolved": "https://registry.npmjs.org/compromise/-/compromise-14.0.0.tgz",
      "integrity": "sha512-//uDMAfHPKygivhYG1+6kSaugS0FbuUWVuwCAtI8FR2AQVa6AWNbOBph/Qzx2to1anRoYvmN1VG2lN8VN6hTOg==",
      "dependencies": {
        "efrt": "2.5.0",
        "grad-school": "0.0.4",
        "suffix-thumb": "4.0.2"
      },
      "engines": {
        "node": ">=12.0.0"
      }
    },
    "node_modules/compromise-sentences": {
      "version": "0.3.0",
      "resolved": "https://registry.npmjs.org/compromise-sentences/-/compromise-sentences-0.3.0.tgz",
      "integrity": "sha512-L6d5PXmmyPyWRMoJURYOM0yILhtV37zCOy9ZW8Xd6KgY+2qQBTwuokekaGL9MDpSH3/grRDL+AHKytYpGrTEmA==",
      "peerDependencies": {
        "compromise": ">=12.0.0"
      }
    },
    "node_modules/efrt": {
      "version": "2.5.0",
      "resolved": "https://registry.npmjs.org/efrt/-/efrt-2.5.0.tgz",
      "integrity": "sha512-V/tJRLSD3sbd1hOw2TVvMLeQnLZeH9STMoUg649M6Zufb9Xabho+nkORxORu1SiCX5hh4e7yhRbcwAUIdXwLOQ=="
    },
    "node_modules/en-inflectors": {
      "version": "1.0.12",
      "resolved": "https://registry.npmjs.org/en-inflectors/-/en-inflectors-1.0.12.tgz",
      "integrity": "sha512-G9wwJMx9DQQzwom8J8e8ErVpI6h/Z5BpYusJCE2Q/2NfgBNYCesyNaCOOskZAhOrw2nmR4D8nYAv4Xv/INIbzw==",
      "dependencies": {
        "en-stemmer": "^1.0.2"
      }
    },
    "node_modules/en-lexicon": {
      "version": "1.0.11",
      "resolved": "https://registry.npmjs.org/en-lexicon/-/en-lexicon-1.0.11.tgz",
      "integrity": "sha512-eanOw9551H6jMRpRK023+Nlss5qnuAi99drXcSUzQySsMrB43teDNbin/AbpOfnemQiTtuZChXYm2kEIR1Mhmg==",
      "dependencies": {
        "en-inflectors": "^1.0.7"
      }
    },
    "node_modules/en-norm": {
      "version": "0.0.3",
      "resolved": "https://registry.npmjs.org/en-norm/-/en-norm-0.0.3.tgz",
      "integrity": "sha512-MBLLO7OHOgZCCknqDsn6KWr2HG4zz8yfN4TLEoUqQk9JK4rwEJm5JVjL2iFzGORBGGhF2btsdJr7pVct67ZLsw==",
      "dependencies": {
        "en-inflectors": "^1.0.11",
        "en-lexicon": "^1.0.10"
      }
    },
    "node_modules/en-parse": {
      "version": "1.1.7",
      "resolved": "https://registry.npmjs.org/en-parse/-/en-parse-1.1.7.tgz",
      "integrity": "sha512-YnJXElRwNQjczHFTsBOZ5vmvNJOKlb7O30ohQoCYAwkowmafRRS2Ci53/gQXHBdwlKa+9bavHgSrdEj4ldTp3w==",
      "dependencies": {
        "en-inflectors": "^1.0.8"
      }
    },
    "node_modules/en-pos": {
      "version": "1.0.16",
      "resolved": "https://registry.npmjs.org/en-pos/-/en-pos-1.0.16.tgz",
      "integrity": "sha512-b/tYA8NNl2fuXn55deB81RwW6S9bJqgYjNMVmltUZxT1JZEzNsWvkZpKiXfOe4RlsB2t5O3s1B/BgnXDOAO1Zw==",
      "dependencies": {
        "cities-list": "^1.0.3",
        "en-inflectors": "^1.0.7",
        "en-lexicon": "^1.0.8",
        "humannames": "^1.0.5"
      }
    },
    "node_modules/en-stemmer": {
      "version": "1.0.3",
      "resolved": "https://registry.npmjs.org/en-stemmer/-/en-stemmer-1.0.3.tgz",
      "integrity": "sha512-sBeYsHLqZWACn/mTRLAMdYb/A53s55r4/nCB2UjKK96EBuRQ4t4GKl4V1pW/0hvzdncfYlZRT+JSIRxCtoYqbA=="
    },
    "node_modules/fin-emphasis": {
      "version": "1.0.6",
      "resolved": "https://registry.npmjs.org/fin-emphasis/-/fin-emphasis-1.0.6.tgz",
      "integrity": "sha512-vgjFGn4Jn9vLAN8dwLZ7nUj6CzgOqaOe/Vsg33CBm/tWYP54HYT09SLAzlAjOk6VmNxaKdTSzdYQJdO5eLzseA=="
    },
    "node_modules/fin-negation": {
      "version": "1.0.8",
      "resolved": "https://registry.npmjs.org/fin-negation/-/fin-negation-1.0.8.tgz",
      "integrity": "sha512-jcuuP08DrGsMYXBFnxVd4IzPMaeUE3ZoypfN1vcOBTch0TUaObjo1QzugmTr7npAeKnfvmnNVc6BlJZ6A/mDfA==",
      "dependencies": {
        "en-inflectors": "^1.0.9"
      }
    },
    "node_modules/fin-sentence-type": {
      "version": "1.0.3",
      "resolved": "https://registry.npmjs.org/fin-sentence-type/-/fin-sentence-type-1.0.3.tgz",
      "integrity": "sha512-cKUeCsDnFtwMlWUGoGXf/TnMhrenxgbZw46dUDIQjonNO5VOlVQaV8AaIV7x5cfX5HvxKwqaDGKpDCtGJpEQsw=="
    },
    "node_modules/fin-sentiment": {
      "version": "1.0.6",
      "resolved": "https://registry.npmjs.org/fin-sentiment/-/fin-sentiment-1.0.6.tgz",
      "integrity": "sha512-diDnWh96sOkB8z9FXvfvCNE+F36sfae3jZr0BAfs39B9kUmZR0l7aFyF3PKJo6c6AyItSOAwB43Rcfo0ZIO8GQ==",
      "dependencies": {
        "fin-emphasis": "^1.0.3",
        "fin-negation": "^1.0.3"
      }
    },
    "node_modules/fin-tense": {
      "version": "1.0.2",
      "resolved": "https://registry.npmjs.org/fin-tense/-/fin-tense-1.0.2.tgz",
      "integrity": "sha512-qGqdU4KNtN49iQUeMwvdq6Mu2tLpM3Qsk4qZZanQduZb5WIxsSgiBRgdGTcqx0Yyi1LPQMt4LT8ucuQeOLu4wA==",
      "dependencies": {
        "en-inflectors": "^1.0.11"
      }
    },
    "node_modules/fin-ukus": {
      "version": "1.0.1",
      "resolved": "https://registry.npmjs.org/fin-ukus/-/fin-ukus-1.0.1.tgz",
      "integrity": "sha512-X6Z/LFVlAy3zDR15j+speKp7m+lNj70nOCyhVGChmLLPKiZnHMihr6Spx6vcBIq+oDTYhjUGCpGh4fMwMzX7pA==",
      "dependencies": {
        "spelling-variations": "^1.0.5"
      }
    },
    "node_modules/finnlp": {
      "version": "1.1.1",
      "resolved": "https://registry.npmjs.org/finnlp/-/finnlp-1.1.1.tgz",
      "integrity": "sha512-BYSN0PWf44/S59dnOtmJDM83nXLN63tSC1MrglfjQTHTYwmH9vSbhxiUPSnDv3rqSGgF9fAT8AxgeqOjNVtS4g==",
      "dependencies": {
        "en-norm": "0.0.2",
        "en-parse": "^1.1.0",
        "en-pos": "^1.0.13",
        "lemmatizer": "0.0.1",
        "lexed": "^1.0.10"
      }
    },
    "node_modules/finnlp/node_modules/en-norm": {
      "version": "0.0.2",
      "resolved": "https://registry.npmjs.org/en-norm/-/en-norm-0.0.2.tgz",
      "integrity": "sha512-LcApDzmkDU/OUsZN0Wc2NFlDNOHBWgZOHu8aQUiD5ezQlUKNNRMBIL9AqKqb+V0/EXA06Sn6BZLgZXfBTi/alQ==",
      "dependencies": {
        "en-inflectors": "^1.0.11",
        "en-lexicon": "^1.0.10"
      }
    },
    "node_modules/gender-detection-from-name": {
      "version": "1.7.3",
      "resolved": "https://registry.npmjs.org/gender-detection-from-name/-/gender-detection-from-name-1.7.3.tgz",
      "integrity": "sha512-JEHqAph8D+uP4NHK7DvKxmFpgGBGg6welz7fa3e9LqoVZNc0l0v14p308P1m/yls9WaH20CuVgxVZ9Z7zmfVzg=="
    },
    "node_modules/grad-school": {
      "version": "0.0.4",
      "resolved": "https://registry.npmjs.org/grad-school/-/grad-school-0.0.4.tgz",
      "integrity": "sha512-wIaLSmqqMNiNJGMUq45jokvb+pTW0xe52k1+iY5aQgGNVM9xf1OpWuIDqHxxSqlRf/nqt0D/NIpj61+2z87q+g==",
      "engines": {
        "node": ">=8.0.0"
      }
    },
    "node_modules/humannames": {
      "version": "1.0.5",
      "resolved": "https://registry.npmjs.org/humannames/-/humannames-1.0.5.tgz",
      "integrity": "sha512-FArOOhsfu1Rzc6wj8TZWTEpO/+TQOqhU0YNx+IyRaScE7HVanOwn8knN1OjjUngJOLaRqFSLjX0EzvMiNnT7zw=="
    },
    "node_modules/lemmatizer": {
      "version": "0.0.1",
      "resolved": "https://registry.npmjs.org/lemmatizer/-/lemmatizer-0.0.1.tgz",
      "integrity": "sha512-OhVYdbBYeCHE0Jea6L8jzbyKzZyZVjq/Aexd7Tv/kQa4TSiXR9HQ7+SgsD/VRzNNEB2sfO5HCx4Czg1fWgibDw==",
      "dependencies": {
        "en-inflectors": "^1.0.11",
        "en-lexicon": "^1.0.10",
        "en-stemmer": "^1.0.3"
      }
    },
    "node_modules/lexed": {
      "version": "1.0.10",
      "resolved": "https://registry.npmjs.org/lexed/-/lexed-1.0.10.tgz",
      "integrity": "sha512-EmLOEQK9F58dwoRN4ICvghtUmWKwL4JjDye3hh/R94VTv52hXVmMDn7vleLJNCeMg1t20+bOITRkUVJ286uakA=="
    },
    "node_modules/spelling-variations": {
      "version": "1.0.6",
      "resolved": "https://registry.npmjs.org/spelling-variations/-/spelling-variations-1.0.6.tgz",
      "integrity": "sha512-bPGlr6SYMUzsnYWSjyG6JkW6T2Qe/x3wUw9y1Ne3wa+0CSspgxXMzAjFLZ3Z6qbAgHnWyQyIX/qX6YKWYWswYQ=="
    },
    "node_modules/suffix-thumb": {
      "version": "4.0.2",
      "resolved": "https://registry.npmjs.org/suffix-thumb/-/suffix-thumb-4.0.2.tgz",
      "integrity": "sha512-CCvCAr7JyeQoO+/lyq3P2foZI/xJz5kpG3L6kg2CaOf9K2/gaM9ixy/JTuRwjEK38l306zE7vl3JoOZYmLQLlA=="
    }
  },
  "dependencies": {
    "cities-list": {
      "version": "1.0.3",
      "resolved": "https://registry.npmjs.org/cities-list/-/cities-list-1.0.3.tgz",
      "integrity": "sha512-UadgzcZiV38TvJXlGymITRvvxaR5PtlrS2M+RJICyvRNp3TnOCPA/5ZZuRn8yG6SexKy1x9I+IwFctZ39XbI/Q=="
    },
    "compromise": {
      "version": "14.0.0",
      "resolved": "https://registry.npmjs.org/compromise/-/compromise-14.0.0.tgz",
      "integrity": "sha512-//uDMAfHPKygivhYG1+6kSaugS0FbuUWVuwCAtI8FR2AQVa6AWNbOBph/Qzx2to1anRoYvmN1VG2lN8VN6hTOg==",
      "requires": {
        "efrt": "2.5.0",
        "grad-school": "0.0.4",
        "suffix-thumb": "4.0.2"
      }
    },
    "compromise-sentences": {
      "version": "0.3.0",
      "resolved": "https://registry.npmjs.org/compromise-sentences/-/compromise-sentences-0.3.0.tgz",
      "integrity": "sha512-L6d5PXmmyPyWRMoJURYOM0yILhtV37zCOy9ZW8Xd6KgY+2qQBTwuokekaGL9MDpSH3/grRDL+AHKytYpGrTEmA==",
      "requires": {}
    },
    "efrt": {
      "version": "2.5.0",
      "resolved": "https://registry.npmjs.org/efrt/-/efrt-2.5.0.tgz",
      "integrity": "sha512-V/tJRLSD3sbd1hOw2TVvMLeQnLZeH9STMoUg649M6Zufb9Xabho+nkORxORu1SiCX5hh4e7yhRbcwAUIdXwLOQ=="
    },
    "en-inflectors": {
      "version": "1.0.12",
      "resolved": "https://registry.npmjs.org/en-inflectors/-/en-inflectors-1.0.12.tgz",
      "integrity": "sha512-G9wwJMx9DQQzwom8J8e8ErVpI6h/Z5BpYusJCE2Q/2NfgBNYCesyNaCOOskZAhOrw2nmR4D8nYAv4Xv/INIbzw==",
      "requires": {
        "en-stemmer": "^1.0.2"
      }
    },
    "en-lexicon": {
      "version": "1.0.11",
      "resolved": "https://registry.npmjs.org/en-lexicon/-/en-lexicon-1.0.11.tgz",
      "integrity": "sha512-eanOw9551H6jMRpRK023+Nlss5qnuAi99drXcSUzQySsMrB43teDNbin/AbpOfnemQiTtuZChXYm2kEIR1Mhmg==",
      "requires": {
        "en-inflectors": "^1.0.7"
      }
    },
    "en-norm": {
      "version": "0.0.3",
      "resolved": "https://registry.npmjs.org/en-norm/-/en-norm-0.0.3.tgz",
      "integrity": "sha512-MBLLO7OHOgZCCknqDsn6KWr2HG4zz8yfN4TLEoUqQk9JK4rwEJm5JVjL2iFzGORBGGhF2btsdJr7pVct67ZLsw==",
      "requires": {
        "en-inflectors": "^1.0.11",
        "en-lexicon": "^1.0.10"
      }
    },
    "en-parse": {
      "version": "1.1.7",
      "resolved": "https://registry.npmjs.org/en-parse/-/en-parse-1.1.7.tgz",
      "integrity": "sha512-YnJXElRwNQjczHFTsBOZ5vmvNJOKlb7O30ohQoCYAwkowmafRRS2Ci53/gQXHBdwlKa+9bavHgSrdEj4ldTp3w==",
      "requires": {
        "en-inflectors": "^1.0.8"
      }
    },
    "en-pos": {
      "version": "1.0.16",
      "resolved": "https://registry.npmjs.org/en-pos/-/en-pos-1.0.16.tgz",
      "integrity": "sha512-b/tYA8NNl2fuXn55deB81RwW6S9bJqgYjNMVmltUZxT1JZEzNsWvkZpKiXfOe4RlsB2t5O3s1B/BgnXDOAO1Zw==",
      "requires": {
        "cities-list": "^1.0.3",
        "en-inflectors": "^1.0.7",
        "en-lexicon": "^1.0.8",
        "humannames": "^1.0.5"
      }
    },
    "en-stemmer": {
      "version": "1.0.3",
      "resolved": "https://registry.npmjs.org/en-stemmer/-/en-stemmer-1.0.3.tgz",
      "integrity": "sha512-sBeYsHLqZWACn/mTRLAMdYb/A53s55r4/nCB2UjKK96EBuRQ4t4GKl4V1pW/0hvzdncfYlZRT+JSIRxCtoYqbA=="
    },
    "fin-emphasis": {
      "version": "1.0.6",
      "resolved": "https://registry.npmjs.org/fin-emphasis/-/fin-emphasis-1.0.6.tgz",
      "integrity": "sha512-vgjFGn4Jn9vLAN8dwLZ7nUj6CzgOqaOe/Vsg33CBm/tWYP54HYT09SLAzlAjOk6VmNxaKdTSzdYQJdO5eLzseA=="
    },
    "fin-negation": {
      "version": "1.0.8",
      "resolved": "https://registry.npmjs.org/fin-negation/-/fin-negation-1.0.8.tgz",
      "integrity": "sha512-jcuuP08DrGsMYXBFnxVd4IzPMaeUE3ZoypfN1vcOBTch0TUaObjo1QzugmTr7npAeKnfvmnNVc6BlJZ6A/mDfA==",
      "requires": {
        "en-inflectors": "^1.0.9"
      }
    },
    "fin-sentence-type": {
      "version": "1.0.3",
      "resolved": "https://registry.npmjs.org/fin-sentence-type/-/fin-sentence-type-1.0.3.tgz",
      "integrity": "sha512-cKUeCsDnFtwMlWUGoGXf/TnMhrenxgbZw46dUDIQjonNO5VOlVQaV8AaIV7x5cfX5HvxKwqaDGKpDCtGJpEQsw=="
    },
    "fin-sentiment": {
      "version": "1.0.6",
      "resolved": "https://registry.npmjs.org/fin-sentiment/-/fin-sentiment-1.0.6.tgz",
      "integrity": "sha512-diDnWh96sOkB8z9FXvfvCNE+F36sfae3jZr0BAfs39B9kUmZR0l7aFyF3PKJo6c6AyItSOAwB43Rcfo0ZIO8GQ==",
      "requires": {
        "fin-emphasis": "^1.0.3",
        "fin-negation": "^1.0.3"
      }
    },
    "fin-tense": {
      "version": "1.0.2",
      "resolved": "https://registry.npmjs.org/fin-tense/-/fin-tense-1.0.2.tgz",
      "integrity": "sha512-qGqdU4KNtN49iQUeMwvdq6Mu2tLpM3Qsk4qZZanQduZb5WIxsSgiBRgdGTcqx0Yyi1LPQMt4LT8ucuQeOLu4wA==",
      "requires": {
        "en-inflectors": "^1.0.11"
      }
    },
    "fin-ukus": {
      "version": "1.0.1",
      "resolved": "https://registry.npmjs.org/fin-ukus/-/fin-ukus-1.0.1.tgz",
      "integrity": "sha512-X6Z/LFVlAy3zDR15j+speKp7m+lNj70nOCyhVGChmLLPKiZnHMihr6Spx6vcBIq+oDTYhjUGCpGh4fMwMzX7pA==",
      "requires": {
        "spelling-variations": "^1.0.5"
      }
    },
    "finnlp": {
      "version": "1.1.1",
      "resolved": "https://registry.npmjs.org/finnlp/-/finnlp-1.1.1.tgz",
      "integrity": "sha512-BYSN0PWf44/S59dnOtmJDM83nXLN63tSC1MrglfjQTHTYwmH9vSbhxiUPSnDv3rqSGgF9fAT8AxgeqOjNVtS4g==",
      "requires": {
        "en-norm": "0.0.2",
        "en-parse": "^1.1.0",
        "en-pos": "^1.0.13",
        "lemmatizer": "0.0.1",
        "lexed": "^1.0.10"
      },
      "dependencies": {
        "en-norm": {
          "version": "0.0.2",
          "resolved": "https://registry.npmjs.org/en-norm/-/en-norm-0.0.2.tgz",
          "integrity": "sha512-LcApDzmkDU/OUsZN0Wc2NFlDNOHBWgZOHu8aQUiD5ezQlUKNNRMBIL9AqKqb+V0/EXA06Sn6BZLgZXfBTi/alQ==",
          "requires": {
            "en-inflectors": "^1.0.11",
            "en-lexicon": "^1.0.10"
          }
        }
      }
    },
    "gender-detection-from-name": {
      "version": "1.7.3",
      "resolved": "https://registry.npmjs.org/gender-detection-from-name/-/gender-detection-from-name-1.7.3.tgz",
      "integrity": "sha512-JEHqAph8D+uP4NHK7DvKxmFpgGBGg6welz7fa3e9LqoVZNc0l0v14p308P1m/yls9WaH20CuVgxVZ9Z7zmfVzg=="
    },
    "grad-school": {
      "version": "0.0.4",
      "resolved": "https://registry.npmjs.org/grad-school/-/grad-school-0.0.4.tgz",
      "integrity": "sha512-wIaLSmqqMNiNJGMUq45jokvb+pTW0xe52k1+iY5aQgGNVM9xf1OpWuIDqHxxSqlRf/nqt0D/NIpj61+2z87q+g=="
    },
    "humannames": {
      "version": "1.0.5",
      "resolved": "https://registry.npmjs.org/humannames/-/humannames-1.0.5.tgz",
      "integrity": "sha512-FArOOhsfu1Rzc6wj8TZWTEpO/+TQOqhU0YNx+IyRaScE7HVanOwn8knN1OjjUngJOLaRqFSLjX0EzvMiNnT7zw=="
    },
    "lemmatizer": {
      "version": "0.0.1",
      "resolved": "https://registry.npmjs.org/lemmatizer/-/lemmatizer-0.0.1.tgz",
      "integrity": "sha512-OhVYdbBYeCHE0Jea6L8jzbyKzZyZVjq/Aexd7Tv/kQa4TSiXR9HQ7+SgsD/VRzNNEB2sfO5HCx4Czg1fWgibDw==",
      "requires": {
        "en-inflectors": "^1.0.11",
        "en-lexicon": "^1.0.10",
        "en-stemmer": "^1.0.3"
      }
    },
    "lexed": {
      "version": "1.0.10",
      "resolved": "https://registry.npmjs.org/lexed/-/lexed-1.0.10.tgz",
      "integrity": "sha512-EmLOEQK9F58dwoRN4ICvghtUmWKwL4JjDye3hh/R94VTv52hXVmMDn7vleLJNCeMg1t20+bOITRkUVJ286uakA=="
    },
    "spelling-variations": {
      "version": "1.0.6",
      "resolved": "https://registry.npmjs.org/spelling-variations/-/spelling-variations-1.0.6.tgz",
      "integrity": "sha512-bPGlr6SYMUzsnYWSjyG6JkW6T2Qe/x3wUw9y1Ne3wa+0CSspgxXMzAjFLZ3Z6qbAgHnWyQyIX/qX6YKWYWswYQ=="
    },
    "suffix-thumb": {
      "version": "4.0.2",
      "resolved": "https://registry.npmjs.org/suffix-thumb/-/suffix-thumb-4.0.2.tgz",
      "integrity": "sha512-CCvCAr7JyeQoO+/lyq3P2foZI/xJz5kpG3L6kg2CaOf9K2/gaM9ixy/JTuRwjEK38l306zE7vl3JoOZYmLQLlA=="
    }
  }
}
